github.com/ivansukach/super-pq v0.0.0-20210628132103-7d4cc566af4e h1:1dLsi89mUc4ycTjJCvrE6JGcelWB5zpAyeNu4BVi9HA=
github.com/ivansukach/super-pq v0.0.0-20210628132103-7d4cc566af4e/go.mod h1:2Eu91SfcUzq8PiR76bAAWQyNNL/mQ0nPGxma7AVtIA0=
github.com/ivansukach/super-sql v0.0.0-20210628130003-0611b4c8537e h1:BhxY/HqBNpInk9pk9HQ3ffHN45cdV9wy7O3PGkIK8PE=
github.com/ivansukach/super-sql v0.0.0-20210628130003-0611b4c8537e/go.mod h1:rKyTu58NAqTsDc8Ym7sL5ZP2kiu0r0wcB7725gzgtfU=
github.com/lib/pq v1.10.1 h1:6VXZrLU0jHBYyAqrSPa+MgPfnSvTPuMgK+k0o5kVFWo=
github.com/lib/pq v1.10.1/go.mod h1:AlVN5x4E4T544tWzH6hKfbfQvm3HdbOxrmggDNAPY9o=
